{
  "pins" : [
    {
      "identity" : "handyjson",
      "kind" : "remoteSourceControl",
      "location" : "https://github.com/AlexMzrk/HandyJSON.git",
      "state" : {
        "branch" : "master",
        "revision" : "58fc08ae53f0eb4d83e2f85b2d6118d000b1a726"
      }
    },
    {
      "identity" : "starscream",
      "kind" : "remoteSourceControl",
      "location" : "https://github.com/daltoniam/Starscream.git",
      "state" : {
        "revision" : "a063fda2b8145a231953c20e7a646be254365396",
        "version" : "3.1.2"
      }
    }
  ],
  "version" : 2
}
